
Microsoft Visual Studio Solution File, Format Version 12.00
# Visual Studio 15
VisualStudioVersion = 15.0.28307.1267
MinimumVisualStudioVersion = 10.0.40219.1
Project("{8BC9CEB8-8B4A-11D0-8D11-00A0C91BC942}") = "ProjectReuven4", "ProjectReuven4\ProjectReuven4.vcxproj", "{4A2D6653-E0EA-43F1-937C-CCC510143EDA}"
EndProject
Global
	GlobalSection(SolutionConfigurationPlatforms) = preSolution
		Debug|x64 = Debug|x64
		Debug|x86 = Debug|x86
		Release|x64 = Release|x64
		Release|x86 = Release|x86
	EndGlobalSection
	GlobalSection(ProjectConfigurationPlatforms) = postSolution
		{4A2D6653-E0EA-43F1-937C-CCC510143EDA}.Debug|x64.ActiveCfg = Debug|x64
		{4A2D6653-E0EA-43F1-937C-CCC510143EDA}.Debug|x64.Build.0 = Debug|x64
		{4A2D6653-E0EA-43F1-937C-CCC510143EDA}.Debug|x86.ActiveCfg = Debug|Win32
		{4A2D6653-E0EA-43F1-937C-CCC510143EDA}.Debug|x86.Build.0 = Debug|Win32
		{4A2D6653-E0EA-43F1-937C-CCC510143EDA}.Release|x64.ActiveCfg = Release|x64
		{4A2D6653-E0EA-43F1-937C-CCC510143EDA}.Release|x64.Build.0 = Release|x64
		{4A2D6653-E0EA-43F1-937C-CCC510143EDA}.Release|x86.ActiveCfg = Release|Win32
		{4A2D6653-E0EA-43F1-937C-CCC510143EDA}.Release|x86.Build.0 = Release|Win32
	EndGlobalSection
	GlobalSection(SolutionProperties) = preSolution
		HideSolutionNode = FALSE
	EndGlobalSection
	GlobalSection(ExtensibilityGlobals) = postSolution
		SolutionGuid = {A9CC01AA-BFEC-469C-9667-90CD2FD2D6CA}
	EndGlobalSection
EndGlobal
